// !$*UTF8*$!
{
	archiveVersion = 1;
	classes = {
	};
	objectVersion = 50;
	objects = {

/* Begin PBXBuildFile section */
		7DF356E826DABB3100E51A03 /* AppDelegate.swift in Sources */ = {isa = PBXBuildFile; fileRef = 7DF356E726DABB3100E51A03 /* AppDelegate.swift */; };
		7DF356EA26DABB3100E51A03 /* SceneDelegate.swift in Sources */ = {isa = PBXBuildFile; fileRef = 7DF356E926DABB3100E51A03 /* SceneDelegate.swift */; };
		7DF356F126DABB3400E51A03 /* Assets.xcassets in Resources */ = {isa = PBXBuildFile; fileRef = 7DF356F026DABB3400E51A03 /* Assets.xcassets */; };
		7DF356F426DABB3400E51A03 /* LaunchScreen.storyboard in Resources */ = {isa = PBXBuildFile; fileRef = 7DF356F226DABB3400E51A03 /* LaunchScreen.storyboard */; };
		7DF3571926DAEF8900E51A03 /* RootViewController.swift in Sources */ = {isa = PBXBuildFile; fileRef = 7DF3571726DAEF8900E51A03 /* RootViewController.swift */; };
		7DF3571A26DAEF8900E51A03 /* RootViewController.xib in Resources */ = {isa = PBXBuildFile; fileRef = 7DF3571826DAEF8900E51A03 /* RootViewController.xib */; };
		7DF3571C26DAF44800E51A03 /* LetterCombinationsTests.swift in Sources */ = {isa = PBXBuildFile; fileRef = 7DF3571B26DAF44800E51A03 /* LetterCombinationsTests.swift */; };
		7DF3571F26DB4B6A00E51A03 /* LetterCombinations.swift in Sources */ = {isa = PBXBuildFile; fileRef = 7DF3571E26DB4B6A00E51A03 /* LetterCombinations.swift */; };
		7DF3572126DB4E1F00E51A03 /* PhoneNumberTests.swift in Sources */ = {isa = PBXBuildFile; fileRef = 7DF3572026DB4E1F00E51A03 /* PhoneNumberTests.swift */; };
		7DF3572326DB540600E51A03 /* PhoneNumber.swift in Sources */ = {isa = PBXBuildFile; fileRef = 7DF3572226DB540600E51A03 /* PhoneNumber.swift */; };
		7DF3572526DB543700E51A03 /* PhoneNumberImpl.swift in Sources */ = {isa = PBXBuildFile; fileRef = 7DF3572426DB543700E51A03 /* PhoneNumberImpl.swift */; };
		7DF3572A26DC0A7200E51A03 /* PhoneNumberDialListFacadeTests.swift in Sources */ = {isa = PBXBuildFile; fileRef = 7DF3572926DC0A7200E51A03 /* PhoneNumberDialListFacadeTests.swift */; };
		7DF3572C26DC0DF800E51A03 /* PhoneNumberDialListFacade.swift in Sources */ = {isa = PBXBuildFile; fileRef = 7DF3572B26DC0DF800E51A03 /* PhoneNumberDialListFacade.swift */; };
/* End PBXBuildFile section */

/* Begin PBXContainerItemProxy section */
		7DF356FB26DABB3400E51A03 /* PBXContainerItemProxy */ = {
			isa = PBXContainerItemProxy;
			containerPortal = 7DF356DC26DABB3100E51A03 /* Project object */;
			proxyType = 1;
			remoteGlobalIDString = 7DF356E326DABB3100E51A03;
			remoteInfo = PhonePad;
		};
/* End PBXContainerItemProxy section */

/* Begin PBXFileReference section */
		7DF356E426DABB3100E51A03 /* PhonePad.app */ = {isa = PBXFileReference; explicitFileType = wrapper.application; includeInIndex = 0; path = PhonePad.app; sourceTree = BUILT_PRODUCTS_DIR; };
		7DF356E726DABB3100E51A03 /* AppDelegate.swift */ = {isa = PBXFileReference; lastKnownFileType = sourcecode.swift; path = AppDelegate.swift; sourceTree = "<group>"; };
		7DF356E926DABB3100E51A03 /* SceneDelegate.swift */ = {isa = PBXFileReference; lastKnownFileType = sourcecode.swift; path = SceneDelegate.swift; sourceTree = "<group>"; };
		7DF356F026DABB3400E51A03 /* Assets.xcassets */ = {isa = PBXFileReference; lastKnownFileType = folder.assetcatalog; path = Assets.xcassets; sourceTree = "<group>"; };
		7DF356F326DABB3400E51A03 /* Base */ = {isa = PBXFileReference; lastKnownFileType = file.storyboard; name = Base; path = Base.lproj/LaunchScreen.storyboard; sourceTree = "<group>"; };
		7DF356F526DABB3400E51A03 /* Info.plist */ = {isa = PBXFileReference; lastKnownFileType = text.plist.xml; path = Info.plist; sourceTree = "<group>"; };
		7DF356FA26DABB3400E51A03 /* PhonePadTests.xctest */ = {isa = PBXFileReference; explicitFileType = wrapper.cfbundle; includeInIndex = 0; path = PhonePadTests.xctest; sourceTree = BUILT_PRODUCTS_DIR; };
		7DF3570026DABB3400E51A03 /* Info.plist */ = {isa = PBXFileReference; lastKnownFileType = text.plist.xml; path = Info.plist; sourceTree = "<group>"; };
		7DF3571726DAEF8900E51A03 /* RootViewController.swift */ = {isa = PBXFileReference; lastKnownFileType = sourcecode.swift; path = RootViewController.swift; sourceTree = "<group>"; };
		7DF3571826DAEF8900E51A03 /* RootViewController.xib */ = {isa = PBXFileReference; lastKnownFileType = file.xib; path = RootViewController.xib; sourceTree = "<group>"; };
		7DF3571B26DAF44800E51A03 /* LetterCombinationsTests.swift */ = {isa = PBXFileReference; lastKnownFileType = sourcecode.swift; path = LetterCombinationsTests.swift; sourceTree = "<group>"; };
		7DF3571E26DB4B6A00E51A03 /* LetterCombinations.swift */ = {isa = PBXFileReference; lastKnownFileType = sourcecode.swift; path = LetterCombinations.swift; sourceTree = "<group>"; };
		7DF3572026DB4E1F00E51A03 /* PhoneNumberTests.swift */ = {isa = PBXFileReference; lastKnownFileType = sourcecode.swift; path = PhoneNumberTests.swift; sourceTree = "<group>"; };
		7DF3572226DB540600E51A03 /* PhoneNumber.swift */ = {isa = PBXFileReference; lastKnownFileType = sourcecode.swift; path = PhoneNumber.swift; sourceTree = "<group>"; };
		7DF3572426DB543700E51A03 /* PhoneNumberImpl.swift */ = {isa = PBXFileReference; lastKnownFileType = sourcecode.swift; path = PhoneNumberImpl.swift; sourceTree = "<group>"; };
		7DF3572926DC0A7200E51A03 /* PhoneNumberDialListFacadeTests.swift */ = {isa = PBXFileReference; lastKnownFileType = sourcecode.swift; path = PhoneNumberDialListFacadeTests.swift; sourceTree = "<group>"; };
		7DF3572B26DC0DF800E51A03 /* PhoneNumberDialListFacade.swift */ = {isa = PBXFileReference; lastKnownFileType = sourcecode.swift; path = PhoneNumberDialListFacade.swift; sourceTree = "<group>"; };
/* End PBXFileReference section */

/* Begin PBXFrameworksBuildPhase section */
		7DF356E126DABB3100E51A03 /* Frameworks */ = {
			isa = PBXFrameworksBuildPhase;
			buildActionMask = 2147483647;
			files = (
			);
			runOnlyForDeploymentPostprocessing = 0;
		};
		7DF356F726DABB3400E51A03 /* Frameworks */ = {
			isa = PBXFrameworksBuildPhase;
			buildActionMask = 2147483647;
			files = (
			);
			runOnlyForDeploymentPostprocessing = 0;
		};
/* End PBXFrameworksBuildPhase section */

/* Begin PBXGroup section */
		7DF356DB26DABB3100E51A03 = {
			isa = PBXGroup;
			children = (
				7DF356E626DABB3100E51A03 /* PhonePad */,
				7DF356FD26DABB3400E51A03 /* PhonePadTests */,
				7DF356E526DABB3100E51A03 /* Products */,
			);
			sourceTree = "<group>";
		};
		7DF356E526DABB3100E51A03 /* Products */ = {
			isa = PBXGroup;
			children = (
				7DF356E426DABB3100E51A03 /* PhonePad.app */,
				7DF356FA26DABB3400E51A03 /* PhonePadTests.xctest */,
			);
			name = Products;
			sourceTree = "<group>";
		};
		7DF356E626DABB3100E51A03 /* PhonePad */ = {
			isa = PBXGroup;
			children = (
				7DF356E726DABB3100E51A03 /* AppDelegate.swift */,
				7DF356E926DABB3100E51A03 /* SceneDelegate.swift */,
				7DF3571D26DB4B4800E51A03 /* Model */,
				7DF3572D26DC125100E51A03 /* View */,
				7DF356F026DABB3400E51A03 /* Assets.xcassets */,
				7DF356F226DABB3400E51A03 /* LaunchScreen.storyboard */,
				7DF356F526DABB3400E51A03 /* Info.plist */,
			);
			path = PhonePad;
			sourceTree = "<group>";
		};
		7DF356FD26DABB3400E51A03 /* PhonePadTests */ = {
			isa = PBXGroup;
			children = (
				7DF3571B26DAF44800E51A03 /* LetterCombinationsTests.swift */,
				7DF3572026DB4E1F00E51A03 /* PhoneNumberTests.swift */,
				7DF3572926DC0A7200E51A03 /* PhoneNumberDialListFacadeTests.swift */,
				7DF3570026DABB3400E51A03 /* Info.plist */,
			);
			path = PhonePadTests;
			sourceTree = "<group>";
		};
		7DF3571D26DB4B4800E51A03 /* Model */ = {
			isa = PBXGroup;
			children = (
				7DF3571E26DB4B6A00E51A03 /* LetterCombinations.swift */,
				7DF3572226DB540600E51A03 /* PhoneNumber.swift */,
				7DF3572426DB543700E51A03 /* PhoneNumberImpl.swift */,
				7DF3572B26DC0DF800E51A03 /* PhoneNumberDialListFacade.swift */,
			);
			path = Model;
			sourceTree = "<group>";
		};
		7DF3572D26DC125100E51A03 /* View */ = {
			isa = PBXGroup;
			children = (
				7DF3571726DAEF8900E51A03 /* RootViewController.swift */,
				7DF3571826DAEF8900E51A03 /* RootViewController.xib */,
			);
			path = View;
			sourceTree = "<group>";
		};
/* End PBXGroup section */

/* Begin PBXNativeTarget section */
		7DF356E326DABB3100E51A03 /* PhonePad */ = {
			isa = PBXNativeTarget;
			buildConfigurationList = 7DF3570E26DABB3400E51A03 /* Build configuration list for PBXNativeTarget "PhonePad" */;
			buildPhases = (
				7DF356E026DABB3100E51A03 /* Sources */,
				7DF356E126DABB3100E51A03 /* Frameworks */,
				7DF356E226DABB3100E51A03 /* Resources */,
			);
			buildRules = (
			);
			dependencies = (
			);
			name = PhonePad;
			productName = PhonePad;
			productReference = 7DF356E426DABB3100E51A03 /* PhonePad.app */;
			productType = "com.apple.product-type.application";
		};
		7DF356F926DABB3400E51A03 /* PhonePadTests */ = {
			isa = PBXNativeTarget;
			buildConfigurationList = 7DF3571126DABB3400E51A03 /* Build configuration list for PBXNativeTarget "PhonePadTests" */;
			buildPhases = (
				7DF356F626DABB3400E51A03 /* Sources */,
				7DF356F726DABB3400E51A03 /* Frameworks */,
				7DF356F826DABB3400E51A03 /* Resources */,
			);
			buildRules = (
			);
			dependencies = (
				7DF356FC26DABB3400E51A03 /* PBXTargetDependency */,
			);
			name = PhonePadTests;
			productName = PhonePadTests;
			productReference = 7DF356FA26DABB3400E51A03 /* PhonePadTests.xctest */;
			productType = "com.apple.product-type.bundle.unit-test";
		};
/* End PBXNativeTarget section */

/* Begin PBXProject section */
		7DF356DC26DABB3100E51A03 /* Project object */ = {
			isa = PBXProject;
			attributes = {
				LastSwiftUpdateCheck = 1250;
				LastUpgradeCheck = 1250;
				TargetAttributes = {
					7DF356E326DABB3100E51A03 = {
						CreatedOnToolsVersion = 12.5.1;
					};
					7DF356F926DABB3400E51A03 = {
						CreatedOnToolsVersion = 12.5.1;
						TestTargetID = 7DF356E326DABB3100E51A03;
					};
				};
			};
			buildConfigurationList = 7DF356DF26DABB3100E51A03 /* Build configuration list for PBXProject "PhonePad" */;
			compatibilityVersion = "Xcode 9.3";
			developmentRegion = en;
			hasScannedForEncodings = 0;
			knownRegions = (
				en,
				Base,
			);
			mainGroup = 7DF356DB26DABB3100E51A03;
			productRefGroup = 7DF356E526DABB3100E51A03 /* Products */;
			projectDirPath = "";
			projectRoot = "";
			targets = (
				7DF356E326DABB3100E51A03 /* PhonePad */,
				7DF356F926DABB3400E51A03 /* PhonePadTests */,
			);
		};
/* End PBXProject section */

/* Begin PBXResourcesBuildPhase section */
		7DF356E226DABB3100E51A03 /* Resources */ = {
			isa = PBXResourcesBuildPhase;
			buildActionMask = 2147483647;
			files = (
				7DF356F426DABB3400E51A03 /* LaunchScreen.storyboard in Resources */,
				7DF356F126DABB3400E51A03 /* Assets.xcassets in Resources */,
				7DF3571A26DAEF8900E51A03 /* RootViewController.xib in Resources */,
			);
			runOnlyForDeploymentPostprocessing = 0;
		};
		7DF356F826DABB3400E51A03 /* Resources */ = {
			isa = PBXResourcesBuildPhase;
			buildActionMask = 2147483647;
			files = (
			);
			runOnlyForDeploymentPostprocessing = 0;
		};
/* End PBXResourcesBuildPhase section */

/* Begin PBXSourcesBuildPhase section */
		7DF356E026DABB3100E51A03 /* Sources */ = {
			isa = PBXSourcesBuildPhase;
			buildActionMask = 2147483647;
			files = (
				7DF356E826DABB3100E51A03 /* AppDelegate.swift in Sources */,
				7DF3571F26DB4B6A00E51A03 /* LetterCombinations.swift in Sources */,
				7DF356EA26DABB3100E51A03 /* SceneDelegate.swift in Sources */,
				7DF3572526DB543700E51A03 /* PhoneNumberImpl.swift in Sources */,
				7DF3572C26DC0DF800E51A03 /* PhoneNumberDialListFacade.swift in Sources */,
				7DF3572326DB540600E51A03 /* PhoneNumber.swift in Sources */,
				7DF3571926DAEF8900E51A03 /* RootViewController.swift in Sources */,
			);
			runOnlyForDeploymentPostprocessing = 0;
		};
		7DF356F626DABB3400E51A03 /* Sources */ = {
			isa = PBXSourcesBuildPhase;
			buildActionMask = 2147483647;
			files = (
				7DF3571C26DAF44800E51A03 /* LetterCombinationsTests.swift in Sources */,
				7DF3572126DB4E1F00E51A03 /* PhoneNumberTests.swift in Sources */,
				7DF3572A26DC0A7200E51A03 /* PhoneNumberDialListFacadeTests.swift in Sources */,
			);
			runOnlyForDeploymentPostprocessing = 0;
		};
/* End PBXSourcesBuildPhase section */

/* Begin PBXTargetDependency section */
		7DF356FC26DABB3400E51A03 /* PBXTargetDependency */ = {
			isa = PBXTargetDependency;
			target = 7DF356E326DABB3100E51A03 /* PhonePad */;
			targetProxy = 7DF356FB26DABB3400E51A03 /* PBXContainerItemProxy */;
		};
/* End PBXTargetDependency section */

/* Begin PBXVariantGroup section */
		7DF356F226DABB3400E51A03 /* LaunchScreen.storyboard */ = {
			isa = PBXVariantGroup;
			children = (
				7DF356F326DABB3400E51A03 /* Base */,
			);
			name = LaunchScreen.storyboard;
			sourceTree = "<group>";
		};
/* End PBXVariantGroup section */

/* Begin XCBuildConfiguration section */
		7DF3570C26DABB3400E51A03 /* Debug */ = {
			isa = XCBuildConfiguration;
			buildSettings = {
				ALWAYS_SEARCH_USER_PATHS = NO;
				CLANG_ANALYZER_NONNULL = YES;
				CLANG_ANALYZER_NUMBER_OBJECT_CONVERSION = YES_AGGRESSIVE;
				CLANG_CXX_LANGUAGE_STANDARD = "gnu++14";
				CLANG_CXX_LIBRARY = "libc++";
				CLANG_ENABLE_MODULES = YES;
				CLANG_ENABLE_OBJC_ARC = YES;
				CLANG_ENABLE_OBJC_WEAK = YES;
				CLANG_WARN_BLOCK_CAPTURE_AUTORELEASING = YES;
				CLANG_WARN_BOOL_CONVERSION = YES;
				CLANG_WARN_COMMA = YES;
				CLANG_WARN_CONSTANT_CONVERSION = YES;
				CLANG_WARN_DEPRECATED_OBJC_IMPLEMENTATIONS = YES;
				CLANG_WARN_DIRECT_OBJC_ISA_USAGE = YES_ERROR;
				CLANG_WARN_DOCUMENTATION_COMMENTS = YES;
				CLANG_WARN_EMPTY_BODY = YES;
				CLANG_WARN_ENUM_CONVERSION = YES;
				CLANG_WARN_INFINITE_RECURSION = YES;
				CLANG_WARN_INT_CONVERSION = YES;
				CLANG_WARN_NON_LITERAL_NULL_CONVERSION = YES;
				CLANG_WARN_OBJC_IMPLICIT_RETAIN_SELF = YES;
				CLANG_WARN_OBJC_LITERAL_CONVERSION = YES;
				CLANG_WARN_OBJC_ROOT_CLASS = YES_ERROR;
				CLANG_WARN_QUOTED_INCLUDE_IN_FRAMEWORK_HEADER = YES;
				CLANG_WARN_RANGE_LOOP_ANALYSIS = YES;
				CLANG_WARN_STRICT_PROTOTYPES = YES;
				CLANG_WARN_SUSPICIOUS_MOVE = YES;
				CLANG_WARN_UNGUARDED_AVAILABILITY = YES_AGGRESSIVE;
				CLANG_WARN_UNREACHABLE_CODE = YES;
				CLANG_WARN__DUPLICATE_METHOD_MATCH = YES;
				COPY_PHASE_STRIP = NO;
				DEBUG_INFORMATION_FORMAT = dwarf;
				ENABLE_STRICT_OBJC_MSGSEND = YES;
				ENABLE_TESTABILITY = YES;
				GCC_C_LANGUAGE_STANDARD = gnu11;
				GCC_DYNAMIC_NO_PIC = NO;
				GCC_NO_COMMON_BLOCKS = YES;
				GCC_OPTIMIZATION_LEVEL = 0;
				GCC_PREPROCESSOR_DEFINITIONS = (
					"DEBUG=1",
					"$(inherited)",
				);
				GCC_WARN_64_TO_32_BIT_CONVERSION = YES;
				GCC_WARN_ABOUT_RETURN_TYPE = YES_ERROR;
				GCC_WARN_UNDECLARED_SELECTOR = YES;
				GCC_WARN_UNINITIALIZED_AUTOS = YES_AGGRESSIVE;
				GCC_WARN_UNUSED_FUNCTION = YES;
				GCC_WARN_UNUSED_VARIABLE = YES;
				IPHONEOS_DEPLOYMENT_TARGET = 14.5;
				MTL_ENABLE_DEBUG_INFO = INCLUDE_SOURCE;
				MTL_FAST_MATH = YES;
				ONLY_ACTIVE_ARCH = YES;
				SDKROOT = iphoneos;
				SWIFT_ACTIVE_COMPILATION_CONDITIONS = DEBUG;
				SWIFT_OPTIMIZATION_LEVEL = "-Onone";
			};
			name = Debug;
		};
		7DF3570D26DABB3400E51A03 /* Release */ = {
			isa = XCBuildConfiguration;
			buildSettings = {
				ALWAYS_SEARCH_USER_PATHS = NO;
				CLANG_ANALYZER_NONNULL = YES;
				CLANG_ANALYZER_NUMBER_OBJECT_CONVERSION = YES_AGGRESSIVE;
				CLANG_CXX_LANGUAGE_STANDARD = "gnu++14";
				CLANG_CXX_LIBRARY = "libc++";
				CLANG_ENABLE_MODULES = YES;
				CLANG_ENABLE_OBJC_ARC = YES;
				CLANG_ENABLE_OBJC_WEAK = YES;
				CLANG_WARN_BLOCK_CAPTURE_AUTORELEASING = YES;
				CLANG_WARN_BOOL_CONVERSION = YES;
				CLANG_WARN_COMMA = YES;
				CLANG_WARN_CONSTANT_CONVERSION = YES;
				CLANG_WARN_DEPRECATED_OBJC_IMPLEMENTATIONS = YES;
				CLANG_WARN_DIRECT_OBJC_ISA_USAGE = YES_ERROR;
				CLANG_WARN_DOCUMENTATION_COMMENTS = YES;
				CLANG_WARN_EMPTY_BODY = YES;
				CLANG_WARN_ENUM_CONVERSION = YES;
				CLANG_WARN_INFINITE_RECURSION = YES;
				CLANG_WARN_INT_CONVERSION = YES;
				CLANG_WARN_NON_LITERAL_NULL_CONVERSION = YES;
				CLANG_WARN_OBJC_IMPLICIT_RETAIN_SELF = YES;
				CLANG_WARN_OBJC_LITERAL_CONVERSION = YES;
				CLANG_WARN_OBJC_ROOT_CLASS = YES_ERROR;
				CLANG_WARN_QUOTED_INCLUDE_IN_FRAMEWORK_HEADER = YES;
				CLANG_WARN_RANGE_LOOP_ANALYSIS = YES;
				CLANG_WARN_STRICT_PROTOTYPES = YES;
				CLANG_WARN_SUSPICIOUS_MOVE = YES;
				CLANG_WARN_UNGUARDED_AVAILABILITY = YES_AGGRESSIVE;
				CLANG_WARN_UNREACHABLE_CODE = YES;
				CLANG_WARN__DUPLICATE_METHOD_MATCH = YES;
				COPY_PHASE_STRIP = NO;
				DEBUG_INFORMATION_FORMAT = "dwarf-with-dsym";
				ENABLE_NS_ASSERTIONS = NO;
				ENABLE_STRICT_OBJC_MSGSEND = YES;
				GCC_C_LANGUAGE_STANDARD = gnu11;
				GCC_NO_COMMON_BLOCKS = YES;
				GCC_WARN_64_TO_32_BIT_CONVERSION = YES;
				GCC_WARN_ABOUT_RETURN_TYPE = YES_ERROR;
				GCC_WARN_UNDECLARED_SELECTOR = YES;
				GCC_WARN_UNINITIALIZED_AUTOS = YES_AGGRESSIVE;
				GCC_WARN_UNUSED_FUNCTION = YES;
				GCC_WARN_UNUSED_VARIABLE = YES;
				IPHONEOS_DEPLOYMENT_TARGET = 14.5;
				MTL_ENABLE_DEBUG_INFO = NO;
				MTL_FAST_MATH = YES;
				SDKROOT = iphoneos;
				SWIFT_COMPILATION_MODE = wholemodule;
				SWIFT_OPTIMIZATION_LEVEL = "-O";
				VALIDATE_PRODUCT = YES;
			};
			name = Release;
		};
		7DF3570F26DABB3400E51A03 /* Debug */ = {
			isa = XCBuildConfiguration;
			buildSettings = {
				ASSETCATALOG_COMPILER_APPICON_NAME = AppIcon;
				ASSETCATALOG_COMPILER_GLOBAL_ACCENT_COLOR_NAME = AccentColor;
				CODE_SIGN_STYLE = Automatic;
				INFOPLIST_FILE = PhonePad/Info.plist;
				LD_RUNPATH_SEARCH_PATHS = (
					"$(inherited)",
					"@executable_path/Frameworks",
				);
				PRODUCT_BUNDLE_IDENTIFIER = com.julian.PhonePad;
				PRODUCT_NAME = "$(TARGET_NAME)";
				SWIFT_VERSION = 5.0;
				TARGETED_DEVICE_FAMILY = "1,2";
			};
			name = Debug;
		};
		7DF3571026DABB3400E51A03 /* Release */ = {
			isa = XCBuildConfiguration;
			buildSettings = {
				ASSETCATALOG_COMPILER_APPICON_NAME = AppIcon;
				ASSETCATALOG_COMPILER_GLOBAL_ACCENT_COLOR_NAME = AccentColor;
				CODE_SIGN_STYLE = Automatic;
				INFOPLIST_FILE = PhonePad/Info.plist;
				LD_RUNPATH_SEARCH_PATHS = (
					"$(inherited)",
					"@executable_path/Frameworks",
				);
				PRODUCT_BUNDLE_IDENTIFIER = com.julian.PhonePad;
				PRODUCT_NAME = "$(TARGET_NAME)";
				SWIFT_VERSION = 5.0;
				TARGETED_DEVICE_FAMILY = "1,2";
			};
			name = Release;
		};
		7DF3571226DABB3400E51A03 /* Debug */ = {
			isa = XCBuildConfiguration;
			buildSettings = {
				ALWAYS_EMBED_SWIFT_STANDARD_LIBRARIES = YES;
				BUNDLE_LOADER = "$(TEST_HOST)";
				CODE_SIGN_STYLE = Automatic;
				INFOPLIST_FILE = PhonePadTests/Info.plist;
				IPHONEOS_DEPLOYMENT_TARGET = 14.5;
				LD_RUNPATH_SEARCH_PATHS = (
					"$(inherited)",
					"@executable_path/Frameworks",
					"@loader_path/Frameworks",
				);
				PRODUCT_BUNDLE_IDENTIFIER = com.julian.PhonePadTests;
				PRODUCT_NAME = "$(TARGET_NAME)";
				SWIFT_VERSION = 5.0;
				TARGETED_DEVICE_FAMILY = "1,2";
				TEST_HOST = "$(BUILT_PRODUCTS_DIR)/PhonePad.app/PhonePad";
			};
			name = Debug;
		};
		7DF3571326DABB3400E51A03 /* Release */ = {
			isa = XCBuildConfiguration;
			buildSettings = {
				ALWAYS_EMBED_SWIFT_STANDARD_LIBRARIES = YES;
				BUNDLE_LOADER = "$(TEST_HOST)";
				CODE_SIGN_STYLE = Automatic;
				INFOPLIST_FILE = PhonePadTests/Info.plist;
				IPHONEOS_DEPLOYMENT_TARGET = 14.5;
				LD_RUNPATH_SEARCH_PATHS = (
					"$(inherited)",
					"@executable_path/Frameworks",
					"@loader_path/Frameworks",
				);
				PRODUCT_BUNDLE_IDENTIFIER = com.julian.PhonePadTests;
				PRODUCT_NAME = "$(TARGET_NAME)";
				SWIFT_VERSION = 5.0;
				TARGETED_DEVICE_FAMILY = "1,2";
				TEST_HOST = "$(BUILT_PRODUCTS_DIR)/PhonePad.app/PhonePad";
			};
			name = Release;
		};
/* End XCBuildConfiguration section */

/* Begin XCConfigurationList section */
		7DF356DF26DABB3100E51A03 /* Build configuration list for PBXProject "PhonePad" */ = {
			isa = XCConfigurationList;
			buildConfigurations = (
				7DF3570C26DABB3400E51A03 /* Debug */,
				7DF3570D26DABB3400E51A03 /* Release */,
			);
			defaultConfigurationIsVisible = 0;
			defaultConfigurationName = Release;
		};
		7DF3570E26DABB3400E51A03 /* Build configuration list for PBXNativeTarget "PhonePad" */ = {
			isa = XCConfigurationList;
			buildConfigurations = (
				7DF3570F26DABB3400E51A03 /* Debug */,
				7DF3571026DABB3400E51A03 /* Release */,
			);
			defaultConfigurationIsVisible = 0;
			defaultConfigurationName = Release;
		};
		7DF3571126DABB3400E51A03 /* Build configuration list for PBXNativeTarget "PhonePadTests" */ = {
			isa = XCConfigurationList;
			buildConfigurations = (
				7DF3571226DABB3400E51A03 /* Debug */,
				7DF3571326DABB3400E51A03 /* Release */,
			);
			defaultConfigurationIsVisible = 0;
			defaultConfigurationName = Release;
		};
/* End XCConfigurationList section */
	};
	rootObject = 7DF356DC26DABB3100E51A03 /* Project object */;
}
